// !$*UTF8*$!
{
	archiveVersion = 1;
	classes = {
	};
	objectVersion = 50;
	objects = {

/* Begin PBXBuildFile section */
		5361788B23A5EECF0060A500 /* LaunchScreen.xib in Resources */ = {isa = PBXBuildFile; fileRef = 5361788A23A5EECF0060A500 /* LaunchScreen.xib */; };
		53C3DB9C23A5E48E00EE9ECB /* AppDelegate.swift in Sources */ = {isa = PBXBuildFile; fileRef = 53C3DB9B23A5E48E00EE9ECB /* AppDelegate.swift */; };
		53C3DBA023A5E48E00EE9ECB /* ViewController.swift in Sources */ = {isa = PBXBuildFile; fileRef = 53C3DB9F23A5E48E00EE9ECB /* ViewController.swift */; };
		53C3DBA523A5E48F00EE9ECB /* Assets.xcassets in Resources */ = {isa = PBXBuildFile; fileRef = 53C3DBA423A5E48F00EE9ECB /* Assets.xcassets */; };
		53C3DBB323A5E48F00EE9ECB /* MyFinancesTests.swift in Sources */ = {isa = PBXBuildFile; fileRef = 53C3DBB223A5E48F00EE9ECB /* MyFinancesTests.swift */; };
		53C3DBC223A5E90100EE9ECB /* main.swift in Sources */ = {isa = PBXBuildFile; fileRef = 53C3DBC123A5E90100EE9ECB /* main.swift */; };
/* End PBXBuildFile section */

/* Begin PBXContainerItemProxy section */
		53C3DBAF23A5E48F00EE9ECB /* PBXContainerItemProxy */ = {
			isa = PBXContainerItemProxy;
			containerPortal = 53C3DB9023A5E48E00EE9ECB /* Project object */;
			proxyType = 1;
			remoteGlobalIDString = 53C3DB9723A5E48E00EE9ECB;
			remoteInfo = MyFinances;
		};
/* End PBXContainerItemProxy section */

/* Begin PBXFileReference section */
		5361788A23A5EECF0060A500 /* LaunchScreen.xib */ = {isa = PBXFileReference; lastKnownFileType = file.xib; path = LaunchScreen.xib; sourceTree = "<group>"; };
		53C3DB9823A5E48E00EE9ECB /* MyFinances.app */ = {isa = PBXFileReference; explicitFileType = wrapper.application; includeInIndex = 0; path = MyFinances.app; sourceTree = BUILT_PRODUCTS_DIR; };
		53C3DB9B23A5E48E00EE9ECB /* AppDelegate.swift */ = {isa = PBXFileReference; lastKnownFileType = sourcecode.swift; path = AppDelegate.swift; sourceTree = "<group>"; };
		53C3DB9F23A5E48E00EE9ECB /* ViewController.swift */ = {isa = PBXFileReference; lastKnownFileType = sourcecode.swift; path = ViewController.swift; sourceTree = "<group>"; };
		53C3DBA423A5E48F00EE9ECB /* Assets.xcassets */ = {isa = PBXFileReference; lastKnownFileType = folder.assetcatalog; path = Assets.xcassets; sourceTree = "<group>"; };
		53C3DBA923A5E48F00EE9ECB /* Info.plist */ = {isa = PBXFileReference; lastKnownFileType = text.plist.xml; path = Info.plist; sourceTree = "<group>"; };
		53C3DBAE23A5E48F00EE9ECB /* MyFinancesTests.xctest */ = {isa = PBXFileReference; explicitFileType = wrapper.cfbundle; includeInIndex = 0; path = MyFinancesTests.xctest; sourceTree = BUILT_PRODUCTS_DIR; };
		53C3DBB223A5E48F00EE9ECB /* MyFinancesTests.swift */ = {isa = PBXFileReference; lastKnownFileType = sourcecode.swift; path = MyFinancesTests.swift; sourceTree = "<group>"; };
		53C3DBB423A5E48F00EE9ECB /* Info.plist */ = {isa = PBXFileReference; lastKnownFileType = text.plist.xml; path = Info.plist; sourceTree = "<group>"; };
		53C3DBC123A5E90100EE9ECB /* main.swift */ = {isa = PBXFileReference; lastKnownFileType = sourcecode.swift; path = main.swift; sourceTree = "<group>"; };
/* End PBXFileReference section */

/* Begin PBXFrameworksBuildPhase section */
		53C3DB9523A5E48E00EE9ECB /* Frameworks */ = {
			isa = PBXFrameworksBuildPhase;
			buildActionMask = 2147483647;
			files = (
			);
			runOnlyForDeploymentPostprocessing = 0;
		};
		53C3DBAB23A5E48F00EE9ECB /* Frameworks */ = {
			isa = PBXFrameworksBuildPhase;
			buildActionMask = 2147483647;
			files = (
			);
			runOnlyForDeploymentPostprocessing = 0;
		};
/* End PBXFrameworksBuildPhase section */

/* Begin PBXGroup section */
		53C3DB8F23A5E48E00EE9ECB = {
			isa = PBXGroup;
			children = (
				53C3DB9A23A5E48E00EE9ECB /* MyFinances */,
				53C3DBB123A5E48F00EE9ECB /* MyFinancesTests */,
				53C3DB9923A5E48E00EE9ECB /* Products */,
			);
			sourceTree = "<group>";
		};
		53C3DB9923A5E48E00EE9ECB /* Products */ = {
			isa = PBXGroup;
			children = (
				53C3DB9823A5E48E00EE9ECB /* MyFinances.app */,
				53C3DBAE23A5E48F00EE9ECB /* MyFinancesTests.xctest */,
			);
			name = Products;
			sourceTree = "<group>";
		};
		53C3DB9A23A5E48E00EE9ECB /* MyFinances */ = {
			isa = PBXGroup;
			children = (
				53C3DBBD23A5E7BE00EE9ECB /* Common */,
				53C3DBC123A5E90100EE9ECB /* main.swift */,
				53C3DBBE23A5E7D400EE9ECB /* Resources */,
				53C3DB9F23A5E48E00EE9ECB /* ViewController.swift */,
			);
			path = MyFinances;
			sourceTree = "<group>";
		};
		53C3DBB123A5E48F00EE9ECB /* MyFinancesTests */ = {
			isa = PBXGroup;
			children = (
				53C3DBB223A5E48F00EE9ECB /* MyFinancesTests.swift */,
				53C3DBB423A5E48F00EE9ECB /* Info.plist */,
			);
			path = MyFinancesTests;
			sourceTree = "<group>";
		};
		53C3DBBD23A5E7BE00EE9ECB /* Common */ = {
			isa = PBXGroup;
			children = (
				53C3DB9B23A5E48E00EE9ECB /* AppDelegate.swift */,
			);
			path = Common;
			sourceTree = "<group>";
		};
		53C3DBBE23A5E7D400EE9ECB /* Resources */ = {
			isa = PBXGroup;
			children = (
				53C3DBA423A5E48F00EE9ECB /* Assets.xcassets */,
				53C3DBA923A5E48F00EE9ECB /* Info.plist */,
				5361788A23A5EECF0060A500 /* LaunchScreen.xib */,
			);
			path = Resources;
			sourceTree = "<group>";
		};
/* End PBXGroup section */

/* Begin PBXNativeTarget section */
		53C3DB9723A5E48E00EE9ECB /* MyFinances */ = {
			isa = PBXNativeTarget;
			buildConfigurationList = 53C3DBB723A5E48F00EE9ECB /* Build configuration list for PBXNativeTarget "MyFinances" */;
			buildPhases = (
				53C3DB9423A5E48E00EE9ECB /* Sources */,
				53C3DB9523A5E48E00EE9ECB /* Frameworks */,
				53C3DB9623A5E48E00EE9ECB /* Resources */,
			);
			buildRules = (
			);
			dependencies = (
			);
			name = MyFinances;
			productName = MyFinances;
			productReference = 53C3DB9823A5E48E00EE9ECB /* MyFinances.app */;
			productType = "com.apple.product-type.application";
		};
		53C3DBAD23A5E48F00EE9ECB /* MyFinancesTests */ = {
			isa = PBXNativeTarget;
			buildConfigurationList = 53C3DBBA23A5E48F00EE9ECB /* Build configuration list for PBXNativeTarget "MyFinancesTests" */;
			buildPhases = (
				53C3DBAA23A5E48F00EE9ECB /* Sources */,
				53C3DBAB23A5E48F00EE9ECB /* Frameworks */,
				53C3DBAC23A5E48F00EE9ECB /* Resources */,
			);
			buildRules = (
			);
			dependencies = (
				53C3DBB023A5E48F00EE9ECB /* PBXTargetDependency */,
			);
			name = MyFinancesTests;
			productName = MyFinancesTests;
			productReference = 53C3DBAE23A5E48F00EE9ECB /* MyFinancesTests.xctest */;
			productType = "com.apple.product-type.bundle.unit-test";
		};
/* End PBXNativeTarget section */

/* Begin PBXProject section */
		53C3DB9023A5E48E00EE9ECB /* Project object */ = {
			isa = PBXProject;
			attributes = {
				LastSwiftUpdateCheck = 1120;
				LastUpgradeCheck = 1120;
				ORGANIZATIONNAME = "Swift Yah";
				TargetAttributes = {
					53C3DB9723A5E48E00EE9ECB = {
						CreatedOnToolsVersion = 11.2.1;
					};
					53C3DBAD23A5E48F00EE9ECB = {
						CreatedOnToolsVersion = 11.2.1;
						TestTargetID = 53C3DB9723A5E48E00EE9ECB;
					};
				};
			};
			buildConfigurationList = 53C3DB9323A5E48E00EE9ECB /* Build configuration list for PBXProject "MyFinances" */;
			compatibilityVersion = "Xcode 9.3";
			developmentRegion = en;
			hasScannedForEncodings = 0;
			knownRegions = (
				en,
				Base,
			);
			mainGroup = 53C3DB8F23A5E48E00EE9ECB;
			productRefGroup = 53C3DB9923A5E48E00EE9ECB /* Products */;
			projectDirPath = "";
			projectRoot = "";
			targets = (
				53C3DB9723A5E48E00EE9ECB /* MyFinances */,
				53C3DBAD23A5E48F00EE9ECB /* MyFinancesTests */,
			);
		};
/* End PBXProject section */

/* Begin PBXResourcesBuildPhase section */
		53C3DB9623A5E48E00EE9ECB /* Resources */ = {
			isa = PBXResourcesBuildPhase;
			buildActionMask = 2147483647;
			files = (
				5361788B23A5EECF0060A500 /* LaunchScreen.xib in Resources */,
				53C3DBA523A5E48F00EE9ECB /* Assets.xcassets in Resources */,
			);
			runOnlyForDeploymentPostprocessing = 0;
		};
		53C3DBAC23A5E48F00EE9ECB /* Resources */ = {
			isa = PBXResourcesBuildPhase;
			buildActionMask = 2147483647;
			files = (
			);
			runOnlyForDeploymentPostprocessing = 0;
		};
/* End PBXResourcesBuildPhase section */

/* Begin PBXSourcesBuildPhase section */
		53C3DB9423A5E48E00EE9ECB /* Sources */ = {
			isa = PBXSourcesBuildPhase;
			buildActionMask = 2147483647;
			files = (
				53C3DBA023A5E48E00EE9ECB /* ViewController.swift in Sources */,
				53C3DB9C23A5E48E00EE9ECB /* AppDelegate.swift in Sources */,
				53C3DBC223A5E90100EE9ECB /* main.swift in Sources */,
			);
			runOnlyForDeploymentPostprocessing = 0;
		};
		53C3DBAA23A5E48F00EE9ECB /* Sources */ = {
			isa = PBXSourcesBuildPhase;
			buildActionMask = 2147483647;
			files = (
				53C3DBB323A5E48F00EE9ECB /* MyFinancesTests.swift in Sources */,
			);
			runOnlyForDeploymentPostprocessing = 0;
		};
/* End PBXSourcesBuildPhase section */

/* Begin PBXTargetDependency section */
		53C3DBB023A5E48F00EE9ECB /* PBXTargetDependency */ = {
			isa = PBXTargetDependency;
			target = 53C3DB9723A5E48E00EE9ECB /* MyFinances */;
			targetProxy = 53C3DBAF23A5E48F00EE9ECB /* PBXContainerItemProxy */;
		};
/* End PBXTargetDependency section */

/* Begin XCBuildConfiguration section */
		53C3DBB523A5E48F00EE9ECB /* Debug */ = {
			isa = XCBuildConfiguration;
			buildSettings = {
				ALWAYS_SEARCH_USER_PATHS = NO;
				CLANG_ANALYZER_NONNULL = YES;
				CLANG_ANALYZER_NUMBER_OBJECT_CONVERSION = YES_AGGRESSIVE;
				CLANG_CXX_LANGUAGE_STANDARD = "gnu++14";
				CLANG_CXX_LIBRARY = "libc++";
				CLANG_ENABLE_MODULES = YES;
				CLANG_ENABLE_OBJC_ARC = YES;
				CLANG_ENABLE_OBJC_WEAK = YES;
				CLANG_WARN_BLOCK_CAPTURE_AUTORELEASING = YES;
				CLANG_WARN_BOOL_CONVERSION = YES;
				CLANG_WARN_COMMA = YES;
				CLANG_WARN_CONSTANT_CONVERSION = YES;
				CLANG_WARN_DEPRECATED_OBJC_IMPLEMENTATIONS = YES;
				CLANG_WARN_DIRECT_OBJC_ISA_USAGE = YES_ERROR;
				CLANG_WARN_DOCUMENTATION_COMMENTS = YES;
				CLANG_WARN_EMPTY_BODY = YES;
				CLANG_WARN_ENUM_CONVERSION = YES;
				CLANG_WARN_INFINITE_RECURSION = YES;
				CLANG_WARN_INT_CONVERSION = YES;
				CLANG_WARN_NON_LITERAL_NULL_CONVERSION = YES;
				CLANG_WARN_OBJC_IMPLICIT_RETAIN_SELF = YES;
				CLANG_WARN_OBJC_LITERAL_CONVERSION = YES;
				CLANG_WARN_OBJC_ROOT_CLASS = YES_ERROR;
				CLANG_WARN_RANGE_LOOP_ANALYSIS = YES;
				CLANG_WARN_STRICT_PROTOTYPES = YES;
				CLANG_WARN_SUSPICIOUS_MOVE = YES;
				CLANG_WARN_UNGUARDED_AVAILABILITY = YES_AGGRESSIVE;
				CLANG_WARN_UNREACHABLE_CODE = YES;
				CLANG_WARN__DUPLICATE_METHOD_MATCH = YES;
				COPY_PHASE_STRIP = NO;
				DEBUG_INFORMATION_FORMAT = dwarf;
				ENABLE_STRICT_OBJC_MSGSEND = YES;
				ENABLE_TESTABILITY = YES;
				GCC_C_LANGUAGE_STANDARD = gnu11;
				GCC_DYNAMIC_NO_PIC = NO;
				GCC_NO_COMMON_BLOCKS = YES;
				GCC_OPTIMIZATION_LEVEL = 0;
				GCC_PREPROCESSOR_DEFINITIONS = (
					"DEBUG=1",
					"$(inherited)",
				);
				GCC_WARN_64_TO_32_BIT_CONVERSION = YES;
				GCC_WARN_ABOUT_RETURN_TYPE = YES_ERROR;
				GCC_WARN_UNDECLARED_SELECTOR = YES;
				GCC_WARN_UNINITIALIZED_AUTOS = YES_AGGRESSIVE;
				GCC_WARN_UNUSED_FUNCTION = YES;
				GCC_WARN_UNUSED_VARIABLE = YES;
				IPHONEOS_DEPLOYMENT_TARGET = 13.2;
				MTL_ENABLE_DEBUG_INFO = INCLUDE_SOURCE;
				MTL_FAST_MATH = YES;
				ONLY_ACTIVE_ARCH = YES;
				SDKROOT = iphoneos;
				SWIFT_ACTIVE_COMPILATION_CONDITIONS = DEBUG;
				SWIFT_OPTIMIZATION_LEVEL = "-Onone";
			};
			name = Debug;
		};
		53C3DBB623A5E48F00EE9ECB /* Release */ = {
			isa = XCBuildConfiguration;
			buildSettings = {
				ALWAYS_SEARCH_USER_PATHS = NO;
				CLANG_ANALYZER_NONNULL = YES;
				CLANG_ANALYZER_NUMBER_OBJECT_CONVERSION = YES_AGGRESSIVE;
				CLANG_CXX_LANGUAGE_STANDARD = "gnu++14";
				CLANG_CXX_LIBRARY = "libc++";
				CLANG_ENABLE_MODULES = YES;
				CLANG_ENABLE_OBJC_ARC = YES;
				CLANG_ENABLE_OBJC_WEAK = YES;
				CLANG_WARN_BLOCK_CAPTURE_AUTORELEASING = YES;
				CLANG_WARN_BOOL_CONVERSION = YES;
				CLANG_WARN_COMMA = YES;
				CLANG_WARN_CONSTANT_CONVERSION = YES;
				CLANG_WARN_DEPRECATED_OBJC_IMPLEMENTATIONS = YES;
				CLANG_WARN_DIRECT_OBJC_ISA_USAGE = YES_ERROR;
				CLANG_WARN_DOCUMENTATION_COMMENTS = YES;
				CLANG_WARN_EMPTY_BODY = YES;
				CLANG_WARN_ENUM_CONVERSION = YES;
				CLANG_WARN_INFINITE_RECURSION = YES;
				CLANG_WARN_INT_CONVERSION = YES;
				CLANG_WARN_NON_LITERAL_NULL_CONVERSION = YES;
				CLANG_WARN_OBJC_IMPLICIT_RETAIN_SELF = YES;
				CLANG_WARN_OBJC_LITERAL_CONVERSION = YES;
				CLANG_WARN_OBJC_ROOT_CLASS = YES_ERROR;
				CLANG_WARN_RANGE_LOOP_ANALYSIS = YES;
				CLANG_WARN_STRICT_PROTOTYPES = YES;
				CLANG_WARN_SUSPICIOUS_MOVE = YES;
				CLANG_WARN_UNGUARDED_AVAILABILITY = YES_AGGRESSIVE;
				CLANG_WARN_UNREACHABLE_CODE = YES;
				CLANG_WARN__DUPLICATE_METHOD_MATCH = YES;
				COPY_PHASE_STRIP = NO;
				DEBUG_INFORMATION_FORMAT = "dwarf-with-dsym";
				ENABLE_NS_ASSERTIONS = NO;
				ENABLE_STRICT_OBJC_MSGSEND = YES;
				GCC_C_LANGUAGE_STANDARD = gnu11;
				GCC_NO_COMMON_BLOCKS = YES;
				GCC_WARN_64_TO_32_BIT_CONVERSION = YES;
				GCC_WARN_ABOUT_RETURN_TYPE = YES_ERROR;
				GCC_WARN_UNDECLARED_SELECTOR = YES;
				GCC_WARN_UNINITIALIZED_AUTOS = YES_AGGRESSIVE;
				GCC_WARN_UNUSED_FUNCTION = YES;
				GCC_WARN_UNUSED_VARIABLE = YES;
				IPHONEOS_DEPLOYMENT_TARGET = 13.2;
				MTL_ENABLE_DEBUG_INFO = NO;
				MTL_FAST_MATH = YES;
				SDKROOT = iphoneos;
				SWIFT_COMPILATION_MODE = wholemodule;
				SWIFT_OPTIMIZATION_LEVEL = "-O";
				VALIDATE_PRODUCT = YES;
			};
			name = Release;
		};
		53C3DBB823A5E48F00EE9ECB /* Debug */ = {
			isa = XCBuildConfiguration;
			buildSettings = {
				ASSETCATALOG_COMPILER_APPICON_NAME = AppIcon;
				CODE_SIGN_STYLE = Automatic;
				INFOPLIST_FILE = MyFinances/Resources/Info.plist;
				LD_RUNPATH_SEARCH_PATHS = (
					"$(inherited)",
					"@executable_path/Frameworks",
				);
				PRODUCT_BUNDLE_IDENTIFIER = "io.swift-yah.MyFinances";
				PRODUCT_NAME = "$(TARGET_NAME)";
				SWIFT_VERSION = 5.0;
				TARGETED_DEVICE_FAMILY = "1,2";
			};
			name = Debug;
		};
		53C3DBB923A5E48F00EE9ECB /* Release */ = {
			isa = XCBuildConfiguration;
			buildSettings = {
				ASSETCATALOG_COMPILER_APPICON_NAME = AppIcon;
				CODE_SIGN_STYLE = Automatic;
				INFOPLIST_FILE = MyFinances/Resources/Info.plist;
				LD_RUNPATH_SEARCH_PATHS = (
					"$(inherited)",
					"@executable_path/Frameworks",
				);
				PRODUCT_BUNDLE_IDENTIFIER = "io.swift-yah.MyFinances";
				PRODUCT_NAME = "$(TARGET_NAME)";
				SWIFT_VERSION = 5.0;
				TARGETED_DEVICE_FAMILY = "1,2";
			};
			name = Release;
		};
		53C3DBBB23A5E48F00EE9ECB /* Debug */ = {
			isa = XCBuildConfiguration;
			buildSettings = {
				ALWAYS_EMBED_SWIFT_STANDARD_LIBRARIES = YES;
				BUNDLE_LOADER = "$(TEST_HOST)";
				CODE_SIGN_STYLE = Automatic;
				INFOPLIST_FILE = MyFinancesTests/Info.plist;
				IPHONEOS_DEPLOYMENT_TARGET = 13.2;
				LD_RUNPATH_SEARCH_PATHS = (
					"$(inherited)",
					"@executable_path/Frameworks",
					"@loader_path/Frameworks",
				);
				PRODUCT_BUNDLE_IDENTIFIER = "io.swift-yah.MyFinancesTests";
				PRODUCT_NAME = "$(TARGET_NAME)";
				SWIFT_VERSION = 5.0;
				TARGETED_DEVICE_FAMILY = "1,2";
				TEST_HOST = "$(BUILT_PRODUCTS_DIR)/MyFinances.app/MyFinances";
			};
			name = Debug;
		};
		53C3DBBC23A5E48F00EE9ECB /* Release */ = {
			isa = XCBuildConfiguration;
			buildSettings = {
				ALWAYS_EMBED_SWIFT_STANDARD_LIBRARIES = YES;
				BUNDLE_LOADER = "$(TEST_HOST)";
				CODE_SIGN_STYLE = Automatic;
				INFOPLIST_FILE = MyFinancesTests/Info.plist;
				IPHONEOS_DEPLOYMENT_TARGET = 13.2;
				LD_RUNPATH_SEARCH_PATHS = (
					"$(inherited)",
					"@executable_path/Frameworks",
					"@loader_path/Frameworks",
				);
				PRODUCT_BUNDLE_IDENTIFIER = "io.swift-yah.MyFinancesTests";
				PRODUCT_NAME = "$(TARGET_NAME)";
				SWIFT_VERSION = 5.0;
				TARGETED_DEVICE_FAMILY = "1,2";
				TEST_HOST = "$(BUILT_PRODUCTS_DIR)/MyFinances.app/MyFinances";
			};
			name = Release;
		};
/* End XCBuildConfiguration section */

/* Begin XCConfigurationList section */
		53C3DB9323A5E48E00EE9ECB /* Build configuration list for PBXProject "MyFinances" */ = {
			isa = XCConfigurationList;
			buildConfigurations = (
				53C3DBB523A5E48F00EE9ECB /* Debug */,
				53C3DBB623A5E48F00EE9ECB /* Release */,
			);
			defaultConfigurationIsVisible = 0;
			defaultConfigurationName = Release;
		};
		53C3DBB723A5E48F00EE9ECB /* Build configuration list for PBXNativeTarget "MyFinances" */ = {
			isa = XCConfigurationList;
			buildConfigurations = (
				53C3DBB823A5E48F00EE9ECB /* Debug */,
				53C3DBB923A5E48F00EE9ECB /* Release */,
			);
			defaultConfigurationIsVisible = 0;
			defaultConfigurationName = Release;
		};
		53C3DBBA23A5E48F00EE9ECB /* Build configuration list for PBXNativeTarget "MyFinancesTests" */ = {
			isa = XCConfigurationList;
			buildConfigurations = (
				53C3DBBB23A5E48F00EE9ECB /* Debug */,
				53C3DBBC23A5E48F00EE9ECB /* Release */,
			);
			defaultConfigurationIsVisible = 0;
			defaultConfigurationName = Release;
		};
/* End XCConfigurationList section */
	};
	rootObject = 53C3DB9023A5E48E00EE9ECB /* Project object */;
}
